{
  "version": 4,
  "terraform_version": "1.9.5",
  "serial": 7,
  "lineage": "f9157087-2697-571c-0e56-8f6304d9034e",
  "outputs": {},
  "resources": [
    {
      "mode": "managed",
      "type": "aws_glue_crawler",
      "name": "ecommerce_crawler",
      "provider": "provider[\"registry.terraform.io/hashicorp/aws\"]",
      "instances": [
        {
          "schema_version": 0,
          "attributes": {
            "arn": "arn:aws:glue:us-west-2:559050225491:crawler/ecommerce-crawler",
            "catalog_target": [],
            "classifiers": null,
            "configuration": "",
            "database_name": "ecommerce_db",
            "delta_target": [],
            "description": "",
            "dynamodb_target": [],
            "hudi_target": [],
            "iceberg_target": [],
            "id": "ecommerce-crawler",
            "jdbc_target": [],
            "lake_formation_configuration": [
              {
                "account_id": "",
                "use_lake_formation_credentials": false
              }
            ],
            "lineage_configuration": [
              {
                "crawler_lineage_settings": "DISABLE"
              }
            ],
            "mongodb_target": [],
            "name": "ecommerce-crawler",
            "recrawl_policy": [
              {
                "recrawl_behavior": "CRAWL_EVERYTHING"
              }
            ],
            "role": "AWSGlueServiceRole",
            "s3_target": [
              {
                "connection_name": "",
                "dlq_event_queue_arn": "",
                "event_queue_arn": "",
                "exclusions": null,
                "path": "s3://ecommerce-data-bucket",
                "sample_size": 0
              }
            ],
            "schedule": "",
            "schema_change_policy": [
              {
                "delete_behavior": "DEPRECATE_IN_DATABASE",
                "update_behavior": "UPDATE_IN_DATABASE"
              }
            ],
            "security_configuration": "",
            "table_prefix": "",
            "tags": null,
            "tags_all": {}
          },
          "sensitive_attributes": [],
          "private": "bnVsbA==",
          "dependencies": [
            "aws_iam_role.glue_role",
            "aws_s3_bucket.ecommerce_data_bucket"
          ]
        }
      ]
    },
    {
      "mode": "managed",
      "type": "aws_iam_role",
      "name": "glue_role",
      "provider": "provider[\"registry.terraform.io/hashicorp/aws\"]",
      "instances": [
        {
          "schema_version": 0,
          "attributes": {
            "arn": "arn:aws:iam::559050225491:role/AWSGlueServiceRole",
            "assume_role_policy": "{\"Statement\":[{\"Action\":\"sts:AssumeRole\",\"Effect\":\"Allow\",\"Principal\":{\"Service\":\"glue.amazonaws.com\"}}],\"Version\":\"2012-10-17\"}",
            "create_date": "2024-09-13T19:19:10Z",
            "description": "",
            "force_detach_policies": false,
            "id": "AWSGlueServiceRole",
            "inline_policy": [],
            "managed_policy_arns": [],
            "max_session_duration": 3600,
            "name": "AWSGlueServiceRole",
            "name_prefix": "",
            "path": "/",
            "permissions_boundary": "",
            "tags": null,
            "tags_all": {},
            "unique_id": "AROAYEKP5O5JQM64REZN6"
          },
          "sensitive_attributes": [],
          "private": "bnVsbA=="
        }
      ]
    },
    {
      "mode": "managed",
      "type": "aws_iam_role_policy_attachment",
      "name": "glue_policy",
      "provider": "provider[\"registry.terraform.io/hashicorp/aws\"]",
      "instances": [
        {
          "schema_version": 0,
          "attributes": {
            "id": "AWSGlueServiceRole-20240913191910717600000001",
            "policy_arn": "arn:aws:iam::aws:policy/service-role/AWSGlueServiceRole",
            "role": "AWSGlueServiceRole"
          },
          "sensitive_attributes": [],
          "private": "bnVsbA==",
          "dependencies": [
            "aws_iam_role.glue_role"
          ]
        }
      ]
    },
    {
      "mode": "managed",
      "type": "aws_iam_role_policy_attachment",
      "name": "redshift_access",
      "provider": "provider[\"registry.terraform.io/hashicorp/aws\"]",
      "instances": [
        {
          "schema_version": 0,
          "attributes": {
            "id": "AWSGlueServiceRole-20240913191910931100000002",
            "policy_arn": "arn:aws:iam::aws:policy/AmazonRedshiftFullAccess",
            "role": "AWSGlueServiceRole"
          },
          "sensitive_attributes": [],
          "private": "bnVsbA==",
          "dependencies": [
            "aws_iam_role.glue_role"
          ]
        }
      ]
    },
    {
      "mode": "managed",
      "type": "aws_redshift_cluster",
      "name": "ecommerce_redshift",
      "provider": "provider[\"registry.terraform.io/hashicorp/aws\"]",
      "instances": [
        {
          "schema_version": 0,
          "attributes": {
            "allow_version_upgrade": true,
            "apply_immediately": false,
            "aqua_configuration_status": "auto",
            "arn": "arn:aws:redshift:us-west-2:559050225491:cluster:ecommerce-redshift-cluster",
            "automated_snapshot_retention_period": 1,
            "availability_zone": "us-west-2c",
            "availability_zone_relocation_enabled": false,
            "cluster_identifier": "ecommerce-redshift-cluster",
            "cluster_namespace_arn": "arn:aws:redshift:us-west-2:559050225491:namespace:140efac0-8647-4415-afc7-f4273cdf33be",
            "cluster_nodes": [
              {
                "node_role": "SHARED",
                "private_ip_address": "172.31.4.81",
                "public_ip_address": "34.218.46.190"
              }
            ],
            "cluster_parameter_group_name": "default.redshift-1.0",
            "cluster_public_key": "ssh-rsa AAAAB3NzaC1yc2EAAAADAQABAAABAQCmoUsHWIL4/NL9XWiiXmGBRB+NK90dYlU5CiucpqUOSDbSXmxx7ZgkiF25n9yF3MC4wL9FE/98LZ1gXchvYyOvugR8Qyq8NIWBki1n3FsABx/wc5crnqxsEat15q6PSwD4PRG8te3P2tNsJQQ+rqZom82g0ps2kOoF1gcbuLxNx79ExH3YDnmBCSw0sbIQb5nhWPE6xa2i2mb8FL5ds+snA14KhkPYDgWkeV3hIfGLSeO+hcKZ6/Kd2PxYdOEPyAzDe6Ko8olojbQi0CoZAjq/mkknDptJkSk4b8LQnEWKHXOWN5vT4LwHEZKxohh1pgXuRSGrKBpbXls0X4MOVa8z Amazon-Redshift\n",
            "cluster_revision_number": "74503",
            "cluster_subnet_group_name": "default",
            "cluster_type": "single-node",
            "cluster_version": "1.0",
            "database_name": "ecommerce_db",
            "default_iam_role_arn": "",
            "dns_name": "ecommerce-redshift-cluster.cbmksylboepr.us-west-2.redshift.amazonaws.com",
            "elastic_ip": null,
            "encrypted": false,
            "endpoint": "ecommerce-redshift-cluster.cbmksylboepr.us-west-2.redshift.amazonaws.com:5439",
            "enhanced_vpc_routing": false,
            "final_snapshot_identifier": null,
            "iam_roles": [],
            "id": "ecommerce-redshift-cluster",
            "kms_key_id": "",
            "logging": [
              {
                "bucket_name": "",
                "enable": false,
                "log_destination_type": "",
                "log_exports": [],
                "s3_key_prefix": ""
              }
            ],
            "maintenance_track_name": "current",
            "manage_master_password": null,
            "manual_snapshot_retention_period": -1,
            "master_password": "YourPassword123",
            "master_password_secret_arn": "",
            "master_password_secret_kms_key_id": "",
            "master_username": "admin",
            "multi_az": false,
            "node_type": "dc2.large",
            "number_of_nodes": 1,
            "owner_account": null,
            "port": 5439,
            "preferred_maintenance_window": "wed:12:30-wed:13:00",
            "publicly_accessible": true,
            "skip_final_snapshot": false,
            "snapshot_arn": null,
            "snapshot_cluster_identifier": null,
            "snapshot_copy": [],
            "snapshot_identifier": null,
            "tags": null,
            "tags_all": {},
            "timeouts": null,
            "vpc_security_group_ids": [
              "sg-0c98a4b80d3d97c43"
            ]
          },
          "sensitive_attributes": [
            [
              {
                "type": "get_attr",
                "value": "master_password"
              }
            ]
          ],
          "private": "eyJlMmJmYjczMC1lY2FhLTExZTYtOGY4OC0zNDM2M2JjN2M0YzAiOnsiY3JlYXRlIjo0NTAwMDAwMDAwMDAwLCJkZWxldGUiOjI0MDAwMDAwMDAwMDAsInVwZGF0ZSI6NDUwMDAwMDAwMDAwMH19"
        }
      ]
    },
    {
      "mode": "managed",
      "type": "aws_s3_bucket",
      "name": "ecommerce_data_bucket",
      "provider": "provider[\"registry.terraform.io/hashicorp/aws\"]",
      "instances": [
        {
          "schema_version": 0,
          "attributes": {
            "acceleration_status": "",
            "acl": null,
            "arn": "arn:aws:s3:::ecommerce-data-bucket",
            "bucket": "ecommerce-data-bucket",
            "bucket_domain_name": "ecommerce-data-bucket.s3.amazonaws.com",
            "bucket_prefix": "",
            "bucket_regional_domain_name": "ecommerce-data-bucket.s3.us-west-2.amazonaws.com",
            "cors_rule": [],
            "force_destroy": false,
            "grant": [
              {
                "id": "40c484dfbcbc2513303038c7e29bd5809471fddffc18dab6de48c2a0d529a769",
                "permissions": [
                  "FULL_CONTROL"
                ],
                "type": "CanonicalUser",
                "uri": ""
              }
            ],
            "hosted_zone_id": "Z3BJ6K6RIION7M",
            "id": "ecommerce-data-bucket",
            "lifecycle_rule": [],
            "logging": [],
            "object_lock_configuration": [],
            "object_lock_enabled": false,
            "policy": "",
            "region": "us-west-2",
            "replication_configuration": [],
            "request_payer": "BucketOwner",
            "server_side_encryption_configuration": [
              {
                "rule": [
                  {
                    "apply_server_side_encryption_by_default": [
                      {
                        "kms_master_key_id": "",
                        "sse_algorithm": "AES256"
                      }
                    ],
                    "bucket_key_enabled": false
                  }
                ]
              }
            ],
            "tags": {},
            "tags_all": {},
            "timeouts": null,
            "versioning": [
              {
                "enabled": false,
                "mfa_delete": false
              }
            ],
            "website": [],
            "website_domain": null,
            "website_endpoint": null
          },
          "sensitive_attributes": [],
          "private": "eyJlMmJmYjczMC1lY2FhLTExZTYtOGY4OC0zNDM2M2JjN2M0YzAiOnsiY3JlYXRlIjoxMjAwMDAwMDAwMDAwLCJkZWxldGUiOjM2MDAwMDAwMDAwMDAsInJlYWQiOjEyMDAwMDAwMDAwMDAsInVwZGF0ZSI6MTIwMDAwMDAwMDAwMH19"
        }
      ]
    }
  ],
  "check_results": null
}
